Microsoft Visual Studio Solution File, Format Version 12.00
# Visual Studio Version 17
VisualStudioVersion = 17.5.2.0
MinimumVisualStudioVersion = 10.0.40219.1
Project("{FAE04EC0-301F-11D3-BF4B-00C04F79EFBC}") = "Activdad_1", "Activdad_1.csproj", "{2252404D-C5E8-FF8E-A867-8F2C72900CDE}"
EndProject
Global
	GlobalSection(SolutionConfigurationPlatforms) = preSolution
		Debug|Any CPU = Debug|Any CPU
		Release|Any CPU = Release|Any CPU
	EndGlobalSection
	GlobalSection(ProjectConfigurationPlatforms) = postSolution
		{2252404D-C5E8-FF8E-A867-8F2C72900CDE}.Debug|Any CPU.ActiveCfg = Debug|Any CPU
		{2252404D-C5E8-FF8E-A867-8F2C72900CDE}.Debug|Any CPU.Build.0 = Debug|Any CPU
		{2252404D-C5E8-FF8E-A867-8F2C72900CDE}.Release|Any CPU.ActiveCfg = Release|Any CPU
		{2252404D-C5E8-FF8E-A867-8F2C72900CDE}.Release|Any CPU.Build.0 = Release|Any CPU
	EndGlobalSection
	GlobalSection(SolutionProperties) = preSolution
		HideSolutionNode = FALSE
	EndGlobalSection
	GlobalSection(ExtensibilityGlobals) = postSolution
		SolutionGuid = {1301B4FB-7E89-44DC-83B5-C21DBB576E7D}
	EndGlobalSection
EndGlobal
